
Microsoft Visual Studio Solution File, Format Version 12.00
# Visual Studio Version 17
VisualStudioVersion = 17.6.33829.357
MinimumVisualStudioVersion = 10.0.40219.1
Project("{FAE04EC0-301F-11D3-BF4B-00C04F79EFBC}") = "GameList", "GameList.csproj", "{D03A7F7F-8836-4D1C-806A-3B9E9E455FD2}"
EndProject
Global
	GlobalSection(SolutionConfigurationPlatforms) = preSolution
		Debug|Any CPU = Debug|Any CPU
		Release|Any CPU = Release|Any CPU
	EndGlobalSection
	GlobalSection(ProjectConfigurationPlatforms) = postSolution
		{D03A7F7F-8836-4D1C-806A-3B9E9E455FD2}.Debug|Any CPU.ActiveCfg = Debug|Any CPU
		{D03A7F7F-8836-4D1C-806A-3B9E9E455FD2}.Debug|Any CPU.Build.0 = Debug|Any CPU
		{D03A7F7F-8836-4D1C-806A-3B9E9E455FD2}.Release|Any CPU.ActiveCfg = Release|Any CPU
		{D03A7F7F-8836-4D1C-806A-3B9E9E455FD2}.Release|Any CPU.Build.0 = Release|Any CPU
	EndGlobalSection
	GlobalSection(SolutionProperties) = preSolution
		HideSolutionNode = FALSE
	EndGlobalSection
	GlobalSection(ExtensibilityGlobals) = postSolution
		SolutionGuid = {E713B57C-2BD8-4E32-8491-14DC97347D3D}
	EndGlobalSection
EndGlobal
